lockfileVersion: 5.4

specifiers:
  typescript: 5.0.0-beta

devDependencies:
  typescript: 5.0.0-beta

packages:

  /typescript/5.0.0-beta:
    resolution: {integrity: sha512-+SSabbSXG5mtF+QGdV9uXXt9Saq1cSyI6hSG7znhaLoquleJpnmfkwSxFngK9c2fWWi1W/263TuzXQOsIcdjjA==}
    engines: {node: '>=4.2.0'}
    hasBin: true
    dev: true
